
Microsoft Visual Studio Solution File, Format Version 12.00
# Visual Studio Version 16
VisualStudioVersion = 16.0.32126.315
MinimumVisualStudioVersion = 10.0.40219.1
Project("{FAE04EC0-301F-11D3-BF4B-00C04F79EFBC}") = "OrderApp", "OrderApp\OrderApp.csproj", "{64D4BB87-FF74-4F46-9A2D-761B103E19DF}"
EndProject
Global
	GlobalSection(SolutionConfigurationPlatforms) = preSolution
		Debug|Any CPU = Debug|Any CPU
		Release|Any CPU = Release|Any CPU
	EndGlobalSection
	GlobalSection(ProjectConfigurationPlatforms) = postSolution
		{64D4BB87-FF74-4F46-9A2D-761B103E19DF}.Debug|Any CPU.ActiveCfg = Debug|Any CPU
		{64D4BB87-FF74-4F46-9A2D-761B103E19DF}.Debug|Any CPU.Build.0 = Debug|Any CPU
		{64D4BB87-FF74-4F46-9A2D-761B103E19DF}.Release|Any CPU.ActiveCfg = Release|Any CPU
		{64D4BB87-FF74-4F46-9A2D-761B103E19DF}.Release|Any CPU.Build.0 = Release|Any CPU
	EndGlobalSection
	GlobalSection(SolutionProperties) = preSolution
		HideSolutionNode = FALSE
	EndGlobalSection
	GlobalSection(ExtensibilityGlobals) = postSolution
		SolutionGuid = {8C2CAF08-F924-4722-A826-E0BFFDCE20B0}
	EndGlobalSection
EndGlobal
